
Microsoft Visual Studio Solution File, Format Version 12.00
# Visual Studio 14
VisualStudioVersion = 14.0.25123.0
MinimumVisualStudioVersion = 10.0.40219.1
Project("{FAE04EC0-301F-11D3-BF4B-00C04F79EFBC}") = "Overlord", "Overlord.csproj", "{0D929F32-A29C-40C3-8FA3-A8FD862D5DDD}"
EndProject
Project("{FAE04EC0-301F-11D3-BF4B-00C04F79EFBC}") = "Core", "..\..\NeuronDotNet\Core\Core.csproj", "{D5B56684-0C33-4195-B3D6-D1576B739E42}"
EndProject
Project("{FAE04EC0-301F-11D3-BF4B-00C04F79EFBC}") = "OverlordService", "..\OverlordService\OverlordService.csproj", "{A9544C65-0298-4A07-B99D-034B2B623E9C}"
EndProject
Project("{FAE04EC0-301F-11D3-BF4B-00C04F79EFBC}") = "OverlordVisualizer", "OverlordVisualizer\OverlordVisualizer.csproj", "{766F2598-3847-402F-9875-BE7CA9984D20}"
EndProject
Global
	GlobalSection(SolutionConfigurationPlatforms) = preSolution
		Debug|Any CPU = Debug|Any CPU
		Release|Any CPU = Release|Any CPU
	EndGlobalSection
	GlobalSection(ProjectConfigurationPlatforms) = postSolution
		{0D929F32-A29C-40C3-8FA3-A8FD862D5DDD}.Debug|Any CPU.ActiveCfg = Debug|Any CPU
		{0D929F32-A29C-40C3-8FA3-A8FD862D5DDD}.Debug|Any CPU.Build.0 = Debug|Any CPU
		{0D929F32-A29C-40C3-8FA3-A8FD862D5DDD}.Release|Any CPU.ActiveCfg = Release|Any CPU
		{0D929F32-A29C-40C3-8FA3-A8FD862D5DDD}.Release|Any CPU.Build.0 = Release|Any CPU
		{D5B56684-0C33-4195-B3D6-D1576B739E42}.Debug|Any CPU.ActiveCfg = Debug|Any CPU
		{D5B56684-0C33-4195-B3D6-D1576B739E42}.Debug|Any CPU.Build.0 = Debug|Any CPU
		{D5B56684-0C33-4195-B3D6-D1576B739E42}.Release|Any CPU.ActiveCfg = Release|Any CPU
		{D5B56684-0C33-4195-B3D6-D1576B739E42}.Release|Any CPU.Build.0 = Release|Any CPU
		{A9544C65-0298-4A07-B99D-034B2B623E9C}.Debug|Any CPU.ActiveCfg = Debug|Any CPU
		{A9544C65-0298-4A07-B99D-034B2B623E9C}.Debug|Any CPU.Build.0 = Debug|Any CPU
		{A9544C65-0298-4A07-B99D-034B2B623E9C}.Release|Any CPU.ActiveCfg = Release|Any CPU
		{A9544C65-0298-4A07-B99D-034B2B623E9C}.Release|Any CPU.Build.0 = Release|Any CPU
		{766F2598-3847-402F-9875-BE7CA9984D20}.Debug|Any CPU.ActiveCfg = Debug|Any CPU
		{766F2598-3847-402F-9875-BE7CA9984D20}.Debug|Any CPU.Build.0 = Debug|Any CPU
		{766F2598-3847-402F-9875-BE7CA9984D20}.Release|Any CPU.ActiveCfg = Release|Any CPU
		{766F2598-3847-402F-9875-BE7CA9984D20}.Release|Any CPU.Build.0 = Release|Any CPU
	EndGlobalSection
	GlobalSection(SolutionProperties) = preSolution
		HideSolutionNode = FALSE
	EndGlobalSection
	GlobalSection(TeamFoundationVersionControl) = preSolution
		SccNumberOfProjects = 2
		SccEnterpriseProvider = {4CA58AB2-18FA-4F8D-95D4-32DDF27D184C}
		SccTeamFoundationServer = https://tfs.codeplex.com/tfs/tfs40
		SccProjectUniqueName0 = Overlord.csproj
		SccProjectName0 = .
		SccAuxPath0 = https://tfs.codeplex.com/tfs/tfs40
		SccLocalPath0 = .
		SccProvider0 = {4CA58AB2-18FA-4F8D-95D4-32DDF27D184C}
		SccProjectUniqueName1 = ..\\..\\NeuronDotNet\\Core\\Core.csproj
		SccProjectName1 = ../../NeuronDotNet/Core
		SccAuxPath1 = https://tfs.codeplex.com/tfs/tfs40
		SccLocalPath1 = ..\\..\\NeuronDotNet\\Core
		SccProvider1 = {4CA58AB2-18FA-4F8D-95D4-32DDF27D184C}
	EndGlobalSection
EndGlobal
