
Microsoft Visual Studio Solution File, Format Version 12.00
# Visual Studio 2013
VisualStudioVersion = 12.0.21005.1
MinimumVisualStudioVersion = 10.0.40219.1
Project("{FAE04EC0-301F-11D3-BF4B-00C04F79EFBC}") = "Overlord", "Overlord.csproj", "{0D929F32-A29C-40C3-8FA3-A8FD862D5DDD}"
EndProject
Project("{FAE04EC0-301F-11D3-BF4B-00C04F79EFBC}") = "Core", "..\..\NeuronDotNet\Core\Core.csproj", "{D5B56684-0C33-4195-B3D6-D1576B739E42}"
EndProject
Project("{2150E333-8FDC-42A3-9474-1A3956D46DE8}") = "OverlordUI", "OverlordUI", "{43AEB0C9-7E06-4460-BA14-DE95EDDB70C6}"
EndProject
Project("{2150E333-8FDC-42A3-9474-1A3956D46DE8}") = "OverlordDB", "OverlordDB", "{4430D832-2507-4B00-95AD-BE6989C91DB2}"
EndProject
Global
	GlobalSection(TeamFoundationVersionControl) = preSolution
		SccNumberOfProjects = 2
		SccEnterpriseProvider = {4CA58AB2-18FA-4F8D-95D4-32DDF27D184C}
		SccTeamFoundationServer = https://tfs.codeplex.com/tfs/tfs40
		SccProjectUniqueName0 = Overlord.csproj
		SccProjectName0 = .
		SccAuxPath0 = https://tfs.codeplex.com/tfs/tfs40
		SccLocalPath0 = .
		SccProvider0 = {4CA58AB2-18FA-4F8D-95D4-32DDF27D184C}
		SccProjectUniqueName1 = ..\\..\\NeuronDotNet\\Core\\Core.csproj
		SccProjectName1 = ../../NeuronDotNet/Core
		SccAuxPath1 = https://tfs.codeplex.com/tfs/tfs40
		SccLocalPath1 = ..\\..\\NeuronDotNet\\Core
		SccProvider1 = {4CA58AB2-18FA-4F8D-95D4-32DDF27D184C}
	EndGlobalSection
	GlobalSection(SolutionConfigurationPlatforms) = preSolution
		Debug|Any CPU = Debug|Any CPU
		Release|Any CPU = Release|Any CPU
	EndGlobalSection
	GlobalSection(ProjectConfigurationPlatforms) = postSolution
		{0D929F32-A29C-40C3-8FA3-A8FD862D5DDD}.Debug|Any CPU.ActiveCfg = Debug|Any CPU
		{0D929F32-A29C-40C3-8FA3-A8FD862D5DDD}.Debug|Any CPU.Build.0 = Debug|Any CPU
		{0D929F32-A29C-40C3-8FA3-A8FD862D5DDD}.Release|Any CPU.ActiveCfg = Release|Any CPU
		{0D929F32-A29C-40C3-8FA3-A8FD862D5DDD}.Release|Any CPU.Build.0 = Release|Any CPU
		{D5B56684-0C33-4195-B3D6-D1576B739E42}.Debug|Any CPU.ActiveCfg = Debug|Any CPU
		{D5B56684-0C33-4195-B3D6-D1576B739E42}.Debug|Any CPU.Build.0 = Debug|Any CPU
		{D5B56684-0C33-4195-B3D6-D1576B739E42}.Release|Any CPU.ActiveCfg = Release|Any CPU
		{D5B56684-0C33-4195-B3D6-D1576B739E42}.Release|Any CPU.Build.0 = Release|Any CPU
	EndGlobalSection
	GlobalSection(SolutionProperties) = preSolution
		HideSolutionNode = FALSE
	EndGlobalSection
EndGlobal
